
Microsoft Visual Studio Solution File, Format Version 12.00
# Visual Studio Version 16
VisualStudioVersion = 16.0.30011.22
MinimumVisualStudioVersion = 10.0.40219.1
Project("{FAE04EC0-301F-11D3-BF4B-00C04F79EFBC}") = "HardwareKeyCreator", "HardwareKeyCreator\HardwareKeyCreator.csproj", "{5C0C96AD-D755-44C6-A41E-8133DD5539A1}"
EndProject
Project("{FAE04EC0-301F-11D3-BF4B-00C04F79EFBC}") = "HardwareKeyLicenseManager", "HardwareKeyLicenseManager\HardwareKeyLicenseManager.csproj", "{0317196B-F078-43A2-A507-87F508ABD15E}"
EndProject
Project("{FAE04EC0-301F-11D3-BF4B-00C04F79EFBC}") = "HardwareKeyLicenseManagerUnitTesting", "HardwareKeyLicenseManagerUnitTesting\HardwareKeyLicenseManagerUnitTesting.csproj", "{15378351-4FFB-418F-84D4-D0D86198EFF0}"
EndProject
Project("{FAE04EC0-301F-11D3-BF4B-00C04F79EFBC}") = "HardwareKeyOrderProcessor", "HardwareKeyOrderProcessor\HardwareKeyOrderProcessor.csproj", "{45FE2F6A-F0E1-4DBC-AE34-7996E09DF0C7}"
EndProject
Global
	GlobalSection(SolutionConfigurationPlatforms) = preSolution
		Debug|Any CPU = Debug|Any CPU
		Release|Any CPU = Release|Any CPU
	EndGlobalSection
	GlobalSection(ProjectConfigurationPlatforms) = postSolution
		{5C0C96AD-D755-44C6-A41E-8133DD5539A1}.Debug|Any CPU.ActiveCfg = Debug|Any CPU
		{5C0C96AD-D755-44C6-A41E-8133DD5539A1}.Debug|Any CPU.Build.0 = Debug|Any CPU
		{5C0C96AD-D755-44C6-A41E-8133DD5539A1}.Release|Any CPU.ActiveCfg = Release|Any CPU
		{5C0C96AD-D755-44C6-A41E-8133DD5539A1}.Release|Any CPU.Build.0 = Release|Any CPU
		{0317196B-F078-43A2-A507-87F508ABD15E}.Debug|Any CPU.ActiveCfg = Debug|Any CPU
		{0317196B-F078-43A2-A507-87F508ABD15E}.Debug|Any CPU.Build.0 = Debug|Any CPU
		{0317196B-F078-43A2-A507-87F508ABD15E}.Release|Any CPU.ActiveCfg = Release|Any CPU
		{0317196B-F078-43A2-A507-87F508ABD15E}.Release|Any CPU.Build.0 = Release|Any CPU
		{15378351-4FFB-418F-84D4-D0D86198EFF0}.Debug|Any CPU.ActiveCfg = Debug|Any CPU
		{15378351-4FFB-418F-84D4-D0D86198EFF0}.Debug|Any CPU.Build.0 = Debug|Any CPU
		{15378351-4FFB-418F-84D4-D0D86198EFF0}.Release|Any CPU.ActiveCfg = Release|Any CPU
		{15378351-4FFB-418F-84D4-D0D86198EFF0}.Release|Any CPU.Build.0 = Release|Any CPU
		{45FE2F6A-F0E1-4DBC-AE34-7996E09DF0C7}.Debug|Any CPU.ActiveCfg = Debug|Any CPU
		{45FE2F6A-F0E1-4DBC-AE34-7996E09DF0C7}.Debug|Any CPU.Build.0 = Debug|Any CPU
		{45FE2F6A-F0E1-4DBC-AE34-7996E09DF0C7}.Release|Any CPU.ActiveCfg = Release|Any CPU
		{45FE2F6A-F0E1-4DBC-AE34-7996E09DF0C7}.Release|Any CPU.Build.0 = Release|Any CPU
	EndGlobalSection
	GlobalSection(SolutionProperties) = preSolution
		HideSolutionNode = FALSE
	EndGlobalSection
	GlobalSection(ExtensibilityGlobals) = postSolution
		SolutionGuid = {541CBF16-74FC-48F5-952F-70978F8FB5A2}
	EndGlobalSection
EndGlobal
